
Microsoft Visual Studio Solution File, Format Version 12.00
# Visual Studio 15
VisualStudioVersion = 15.0.28307.902
MinimumVisualStudioVersion = 10.0.40219.1
Project("{8BC9CEB8-8B4A-11D0-8D11-00A0C91BC942}") = "V1", "V1\V1.vcxproj", "{DC32A3C9-5D57-44CB-8BA8-79456F2051A2}"
EndProject
Global
	GlobalSection(SolutionConfigurationPlatforms) = preSolution
		Debug|x64 = Debug|x64
		Debug|x86 = Debug|x86
		Release|x64 = Release|x64
		Release|x86 = Release|x86
	EndGlobalSection
	GlobalSection(ProjectConfigurationPlatforms) = postSolution
		{DC32A3C9-5D57-44CB-8BA8-79456F2051A2}.Debug|x64.ActiveCfg = Debug|x64
		{DC32A3C9-5D57-44CB-8BA8-79456F2051A2}.Debug|x64.Build.0 = Debug|x64
		{DC32A3C9-5D57-44CB-8BA8-79456F2051A2}.Debug|x86.ActiveCfg = Debug|Win32
		{DC32A3C9-5D57-44CB-8BA8-79456F2051A2}.Debug|x86.Build.0 = Debug|Win32
		{DC32A3C9-5D57-44CB-8BA8-79456F2051A2}.Release|x64.ActiveCfg = Release|x64
		{DC32A3C9-5D57-44CB-8BA8-79456F2051A2}.Release|x64.Build.0 = Release|x64
		{DC32A3C9-5D57-44CB-8BA8-79456F2051A2}.Release|x86.ActiveCfg = Release|Win32
		{DC32A3C9-5D57-44CB-8BA8-79456F2051A2}.Release|x86.Build.0 = Release|Win32
	EndGlobalSection
	GlobalSection(SolutionProperties) = preSolution
		HideSolutionNode = FALSE
	EndGlobalSection
	GlobalSection(ExtensibilityGlobals) = postSolution
		SolutionGuid = {750D15A0-16C6-4C03-8053-3FE1C03A2A14}
	EndGlobalSection
EndGlobal
